
Microsoft Visual Studio Solution File, Format Version 12.00
# Visual Studio 15
VisualStudioVersion = 15.0.28307.960
MinimumVisualStudioVersion = 10.0.40219.1
Project("{FAE04EC0-301F-11D3-BF4B-00C04F79EFBC}") = "LOL_Auxiliary", "LOL_Auxiliary\LOL_Auxiliary.csproj", "{3AEE17B3-F026-4420-8A16-EDF64D00D721}"
EndProject
Project("{FAE04EC0-301F-11D3-BF4B-00C04F79EFBC}") = "MP3Player", "MP3Player\MP3Player.csproj", "{2F9D79EC-F7D5-43E7-9BD6-F97651C43BA2}"
EndProject
Global
	GlobalSection(SolutionConfigurationPlatforms) = preSolution
		Debug|Any CPU = Debug|Any CPU
		Release|Any CPU = Release|Any CPU
	EndGlobalSection
	GlobalSection(ProjectConfigurationPlatforms) = postSolution
		{3AEE17B3-F026-4420-8A16-EDF64D00D721}.Debug|Any CPU.ActiveCfg = Debug|Any CPU
		{3AEE17B3-F026-4420-8A16-EDF64D00D721}.Debug|Any CPU.Build.0 = Debug|Any CPU
		{3AEE17B3-F026-4420-8A16-EDF64D00D721}.Release|Any CPU.ActiveCfg = Release|Any CPU
		{3AEE17B3-F026-4420-8A16-EDF64D00D721}.Release|Any CPU.Build.0 = Release|Any CPU
		{2F9D79EC-F7D5-43E7-9BD6-F97651C43BA2}.Debug|Any CPU.ActiveCfg = Debug|Any CPU
		{2F9D79EC-F7D5-43E7-9BD6-F97651C43BA2}.Debug|Any CPU.Build.0 = Debug|Any CPU
		{2F9D79EC-F7D5-43E7-9BD6-F97651C43BA2}.Release|Any CPU.ActiveCfg = Release|Any CPU
		{2F9D79EC-F7D5-43E7-9BD6-F97651C43BA2}.Release|Any CPU.Build.0 = Release|Any CPU
	EndGlobalSection
	GlobalSection(SolutionProperties) = preSolution
		HideSolutionNode = FALSE
	EndGlobalSection
	GlobalSection(ExtensibilityGlobals) = postSolution
		SolutionGuid = {6D363205-3D4A-4FA6-A681-54086264A947}
	EndGlobalSection
EndGlobal
